{
  "name": "Pondapp2",
  "lockfileVersion": 2,
  "requires": true,
  "packages": {
    "": {
      "dependencies": {
        "tim-js-sdk": "^2.25.0",
        "tim-wx-sdk": "^2.24.2",
        "uview-ui": "^2.0.36",
        "vue-jsonp": "^2.0.0"
      }
    },
    "node_modules/tim-js-sdk": {
      "version": "2.27.5",
      "resolved": "https://registry.npmjs.org/tim-js-sdk/-/tim-js-sdk-2.27.5.tgz",
      "integrity": "sha512-yC0s+sgudwAyiEhaOthNssYbEPTmXF+Q/8vgKT99Xu2L5BUTsQ+r1xRc6mGY5sDrkG7L52yYN+czLSxQWc9ufA=="
    },
    "node_modules/tim-wx-sdk": {
      "version": "2.27.5",
      "resolved": "https://registry.npmjs.org/tim-wx-sdk/-/tim-wx-sdk-2.27.5.tgz",
      "integrity": "sha512-mimPb2bpnp2poLvm4n24q3suat0vJdyjK7YxdOvz6xephzmf82l8LkxGCzbM8saZ5ciXHNYdMIbrGHqF4c4hRA=="
    },
    "node_modules/uview-ui": {
      "version": "2.0.36",
      "resolved": "https://registry.npmjs.org/uview-ui/-/uview-ui-2.0.36.tgz",
      "integrity": "sha512-ASSZT6M8w3GTO1eFPbsgEFV0U5UujK+8pTNr+MSUbRNcRMC1u63DDTLJVeArV91kWM0bfAexK3SK9pnTqF9TtA==",
      "engines": {
        "HBuilderX": "^3.1.0"
      }
    },
    "node_modules/vue-jsonp": {
      "version": "2.0.0",
      "resolved": "https://registry.npmjs.org/vue-jsonp/-/vue-jsonp-2.0.0.tgz",
      "integrity": "sha512-Mzd9GNeuKP5hHFDWZNMWOsCuMILSkA6jo2l4A02wheFz3qqBzH7aSEFTey1BRCZCLizlaf1EqJ5YUtF392KspA=="
    }
  },
  "dependencies": {
    "tim-js-sdk": {
      "version": "2.27.5",
      "resolved": "https://registry.npmjs.org/tim-js-sdk/-/tim-js-sdk-2.27.5.tgz",
      "integrity": "sha512-yC0s+sgudwAyiEhaOthNssYbEPTmXF+Q/8vgKT99Xu2L5BUTsQ+r1xRc6mGY5sDrkG7L52yYN+czLSxQWc9ufA=="
    },
    "tim-wx-sdk": {
      "version": "2.27.5",
      "resolved": "https://registry.npmjs.org/tim-wx-sdk/-/tim-wx-sdk-2.27.5.tgz",
      "integrity": "sha512-mimPb2bpnp2poLvm4n24q3suat0vJdyjK7YxdOvz6xephzmf82l8LkxGCzbM8saZ5ciXHNYdMIbrGHqF4c4hRA=="
    },
    "uview-ui": {
      "version": "2.0.36",
      "resolved": "https://registry.npmjs.org/uview-ui/-/uview-ui-2.0.36.tgz",
      "integrity": "sha512-ASSZT6M8w3GTO1eFPbsgEFV0U5UujK+8pTNr+MSUbRNcRMC1u63DDTLJVeArV91kWM0bfAexK3SK9pnTqF9TtA=="
    },
    "vue-jsonp": {
      "version": "2.0.0",
      "resolved": "https://registry.npmjs.org/vue-jsonp/-/vue-jsonp-2.0.0.tgz",
      "integrity": "sha512-Mzd9GNeuKP5hHFDWZNMWOsCuMILSkA6jo2l4A02wheFz3qqBzH7aSEFTey1BRCZCLizlaf1EqJ5YUtF392KspA=="
    }
  }
}
